
Microsoft Visual Studio Solution File, Format Version 12.00
# Visual Studio 2013
VisualStudioVersion = 12.0.21005.1
MinimumVisualStudioVersion = 10.0.40219.1
Project("{FAE04EC0-301F-11D3-BF4B-00C04F79EFBC}") = "SeenIt2", "SeenIt2\SeenIt2.csproj", "{849BA51C-BA30-4785-9A90-0890711D72F9}"
EndProject
Project("{FAE04EC0-301F-11D3-BF4B-00C04F79EFBC}") = "SeenIt2.Tests", "SeenIt2.Tests\SeenIt2.Tests.csproj", "{C87656A1-10DA-442E-8E3A-2CC750C0082B}"
EndProject
Global
	GlobalSection(SolutionConfigurationPlatforms) = preSolution
		Debug|Any CPU = Debug|Any CPU
		Release|Any CPU = Release|Any CPU
	EndGlobalSection
	GlobalSection(ProjectConfigurationPlatforms) = postSolution
		{849BA51C-BA30-4785-9A90-0890711D72F9}.Debug|Any CPU.ActiveCfg = Debug|Any CPU
		{849BA51C-BA30-4785-9A90-0890711D72F9}.Debug|Any CPU.Build.0 = Debug|Any CPU
		{849BA51C-BA30-4785-9A90-0890711D72F9}.Release|Any CPU.ActiveCfg = Release|Any CPU
		{849BA51C-BA30-4785-9A90-0890711D72F9}.Release|Any CPU.Build.0 = Release|Any CPU
		{C87656A1-10DA-442E-8E3A-2CC750C0082B}.Debug|Any CPU.ActiveCfg = Debug|Any CPU
		{C87656A1-10DA-442E-8E3A-2CC750C0082B}.Debug|Any CPU.Build.0 = Debug|Any CPU
		{C87656A1-10DA-442E-8E3A-2CC750C0082B}.Release|Any CPU.ActiveCfg = Release|Any CPU
		{C87656A1-10DA-442E-8E3A-2CC750C0082B}.Release|Any CPU.Build.0 = Release|Any CPU
	EndGlobalSection
	GlobalSection(SolutionProperties) = preSolution
		HideSolutionNode = FALSE
	EndGlobalSection
EndGlobal
